
Microsoft Visual Studio Solution File, Format Version 12.00
# Visual Studio Version 17
VisualStudioVersion = 17.8.34525.116
MinimumVisualStudioVersion = 10.0.40219.1
Project("{FAE04EC0-301F-11D3-BF4B-00C04F79EFBC}") = "MicroService.SendEmail.API", "MicroService.SendEmail.API\MicroService.SendEmail.API.csproj", "{3072F5CD-7560-48EA-A0D3-5D3C04E87695}"
EndProject
Project("{FAE04EC0-301F-11D3-BF4B-00C04F79EFBC}") = "MicroService.SendEmail.Domain", "MicroService.SendEmail.Domain\MicroService.SendEmail.Domain.csproj", "{9349E7C0-26C4-4C7A-B441-4B206CA773A6}"
EndProject
Project("{E53339B2-1760-4266-BCC7-CA923CBCF16C}") = "docker-compose", "docker-compose.dcproj", "{D1A626C5-1654-4218-A3CB-40BB9F15D4F5}"
EndProject
Project("{FAE04EC0-301F-11D3-BF4B-00C04F79EFBC}") = "MicroService.SendEmail.Infrastucture", "MicroService.SendEmail.Infrastucture\MicroService.SendEmail.Infrastucture.csproj", "{49264889-7117-43EA-BB76-D55501D0719A}"
EndProject
Project("{FAE04EC0-301F-11D3-BF4B-00C04F79EFBC}") = "MicroService.SendEmail.Application", "MicroService.SendEmail.Application\MicroService.SendEmail.Application.csproj", "{F4FCC3F7-38A5-4A9A-85B1-C06AA9099B0F}"
EndProject
Global
	GlobalSection(SolutionConfigurationPlatforms) = preSolution
		Debug|Any CPU = Debug|Any CPU
		Release|Any CPU = Release|Any CPU
	EndGlobalSection
	GlobalSection(ProjectConfigurationPlatforms) = postSolution
		{3072F5CD-7560-48EA-A0D3-5D3C04E87695}.Debug|Any CPU.ActiveCfg = Debug|Any CPU
		{3072F5CD-7560-48EA-A0D3-5D3C04E87695}.Debug|Any CPU.Build.0 = Debug|Any CPU
		{3072F5CD-7560-48EA-A0D3-5D3C04E87695}.Release|Any CPU.ActiveCfg = Release|Any CPU
		{3072F5CD-7560-48EA-A0D3-5D3C04E87695}.Release|Any CPU.Build.0 = Release|Any CPU
		{9349E7C0-26C4-4C7A-B441-4B206CA773A6}.Debug|Any CPU.ActiveCfg = Debug|Any CPU
		{9349E7C0-26C4-4C7A-B441-4B206CA773A6}.Debug|Any CPU.Build.0 = Debug|Any CPU
		{9349E7C0-26C4-4C7A-B441-4B206CA773A6}.Release|Any CPU.ActiveCfg = Release|Any CPU
		{9349E7C0-26C4-4C7A-B441-4B206CA773A6}.Release|Any CPU.Build.0 = Release|Any CPU
		{D1A626C5-1654-4218-A3CB-40BB9F15D4F5}.Debug|Any CPU.ActiveCfg = Debug|Any CPU
		{D1A626C5-1654-4218-A3CB-40BB9F15D4F5}.Debug|Any CPU.Build.0 = Debug|Any CPU
		{D1A626C5-1654-4218-A3CB-40BB9F15D4F5}.Release|Any CPU.ActiveCfg = Release|Any CPU
		{D1A626C5-1654-4218-A3CB-40BB9F15D4F5}.Release|Any CPU.Build.0 = Release|Any CPU
		{49264889-7117-43EA-BB76-D55501D0719A}.Debug|Any CPU.ActiveCfg = Debug|Any CPU
		{49264889-7117-43EA-BB76-D55501D0719A}.Debug|Any CPU.Build.0 = Debug|Any CPU
		{49264889-7117-43EA-BB76-D55501D0719A}.Release|Any CPU.ActiveCfg = Release|Any CPU
		{49264889-7117-43EA-BB76-D55501D0719A}.Release|Any CPU.Build.0 = Release|Any CPU
		{F4FCC3F7-38A5-4A9A-85B1-C06AA9099B0F}.Debug|Any CPU.ActiveCfg = Debug|Any CPU
		{F4FCC3F7-38A5-4A9A-85B1-C06AA9099B0F}.Debug|Any CPU.Build.0 = Debug|Any CPU
		{F4FCC3F7-38A5-4A9A-85B1-C06AA9099B0F}.Release|Any CPU.ActiveCfg = Release|Any CPU
		{F4FCC3F7-38A5-4A9A-85B1-C06AA9099B0F}.Release|Any CPU.Build.0 = Release|Any CPU
	EndGlobalSection
	GlobalSection(SolutionProperties) = preSolution
		HideSolutionNode = FALSE
	EndGlobalSection
	GlobalSection(ExtensibilityGlobals) = postSolution
		SolutionGuid = {064F88C3-8769-4367-8080-9DC0E9FBA97A}
	EndGlobalSection
EndGlobal
